
Microsoft Visual Studio Solution File, Format Version 12.00
# Visual Studio Version 16
VisualStudioVersion = 16.0.31424.327
MinimumVisualStudioVersion = 10.0.40219.1
Project("{FAE04EC0-301F-11D3-BF4B-00C04F79EFBC}") = "consolecalc", "consolecalc\consolecalc.csproj", "{72483859-7C16-4480-A817-08D81410277E}"
EndProject
Global
	GlobalSection(SolutionConfigurationPlatforms) = preSolution
		Debug|Any CPU = Debug|Any CPU
		Release|Any CPU = Release|Any CPU
	EndGlobalSection
	GlobalSection(ProjectConfigurationPlatforms) = postSolution
		{72483859-7C16-4480-A817-08D81410277E}.Debug|Any CPU.ActiveCfg = Debug|Any CPU
		{72483859-7C16-4480-A817-08D81410277E}.Debug|Any CPU.Build.0 = Debug|Any CPU
		{72483859-7C16-4480-A817-08D81410277E}.Release|Any CPU.ActiveCfg = Release|Any CPU
		{72483859-7C16-4480-A817-08D81410277E}.Release|Any CPU.Build.0 = Release|Any CPU
	EndGlobalSection
	GlobalSection(SolutionProperties) = preSolution
		HideSolutionNode = FALSE
	EndGlobalSection
	GlobalSection(ExtensibilityGlobals) = postSolution
		SolutionGuid = {30590DD5-8A8B-4EDA-B2D1-BE0C4306ED5D}
	EndGlobalSection
EndGlobal
